
Microsoft Visual Studio Solution File, Format Version 12.00
# Visual Studio 15
VisualStudioVersion = 15.0.26730.16
MinimumVisualStudioVersion = 10.0.40219.1
Project("{FAE04EC0-301F-11D3-BF4B-00C04F79EFBC}") = "RunescapeClanManager", "RunescapeClanManager\RunescapeClanManager.csproj", "{333FB03F-16A7-4BE1-A424-34C68850D999}"
EndProject
Global
	GlobalSection(SolutionConfigurationPlatforms) = preSolution
		Debug|Any CPU = Debug|Any CPU
		Release|Any CPU = Release|Any CPU
	EndGlobalSection
	GlobalSection(ProjectConfigurationPlatforms) = postSolution
		{333FB03F-16A7-4BE1-A424-34C68850D999}.Debug|Any CPU.ActiveCfg = Debug|Any CPU
		{333FB03F-16A7-4BE1-A424-34C68850D999}.Debug|Any CPU.Build.0 = Debug|Any CPU
		{333FB03F-16A7-4BE1-A424-34C68850D999}.Release|Any CPU.ActiveCfg = Release|Any CPU
		{333FB03F-16A7-4BE1-A424-34C68850D999}.Release|Any CPU.Build.0 = Release|Any CPU
	EndGlobalSection
	GlobalSection(SolutionProperties) = preSolution
		HideSolutionNode = FALSE
	EndGlobalSection
	GlobalSection(ExtensibilityGlobals) = postSolution
		SolutionGuid = {16C3F36B-4846-47D5-AFCD-5D09A38C5A02}
	EndGlobalSection
EndGlobal
